
Microsoft Visual Studio Solution File, Format Version 12.00
# Visual Studio Version 16
VisualStudioVersion = 16.0.30717.126
MinimumVisualStudioVersion = 10.0.40219.1
Project("{9A19103F-16F7-4668-BE54-9A1E7A4F7556}") = "MostReliablePath", "MostReliablePath\MostReliablePath.csproj", "{37E33F8B-B554-43C0-A9F6-5E728B57D236}"
EndProject
Project("{9A19103F-16F7-4668-BE54-9A1E7A4F7556}") = "CheapTownTour", "CheapTownTour\CheapTownTour.csproj", "{77030A8D-E2E0-4D42-A2B2-A796346347E2}"
EndProject
Project("{9A19103F-16F7-4668-BE54-9A1E7A4F7556}") = "Undefined", "Undefined\Undefined.csproj", "{253536F1-D32C-4DDB-AA2A-E2CEAAF5DF22}"
EndProject
Project("{9A19103F-16F7-4668-BE54-9A1E7A4F7556}") = "BigTrip", "BigTrip\BigTrip.csproj", "{BECDC884-0A54-40BC-9D1C-45F8A728F6BA}"
EndProject
Project("{FAE04EC0-301F-11D3-BF4B-00C04F79EFBC}") = "CableNetwork", "CableNetwork\CableNetwork.csproj", "{5D46E3A6-AAB3-40F4-9926-3C59ADF60DBD}"
EndProject
Global
	GlobalSection(SolutionConfigurationPlatforms) = preSolution
		Debug|Any CPU = Debug|Any CPU
		Release|Any CPU = Release|Any CPU
	EndGlobalSection
	GlobalSection(ProjectConfigurationPlatforms) = postSolution
		{37E33F8B-B554-43C0-A9F6-5E728B57D236}.Debug|Any CPU.ActiveCfg = Debug|Any CPU
		{37E33F8B-B554-43C0-A9F6-5E728B57D236}.Debug|Any CPU.Build.0 = Debug|Any CPU
		{37E33F8B-B554-43C0-A9F6-5E728B57D236}.Release|Any CPU.ActiveCfg = Release|Any CPU
		{37E33F8B-B554-43C0-A9F6-5E728B57D236}.Release|Any CPU.Build.0 = Release|Any CPU
		{77030A8D-E2E0-4D42-A2B2-A796346347E2}.Debug|Any CPU.ActiveCfg = Debug|Any CPU
		{77030A8D-E2E0-4D42-A2B2-A796346347E2}.Debug|Any CPU.Build.0 = Debug|Any CPU
		{77030A8D-E2E0-4D42-A2B2-A796346347E2}.Release|Any CPU.ActiveCfg = Release|Any CPU
		{77030A8D-E2E0-4D42-A2B2-A796346347E2}.Release|Any CPU.Build.0 = Release|Any CPU
		{253536F1-D32C-4DDB-AA2A-E2CEAAF5DF22}.Debug|Any CPU.ActiveCfg = Debug|Any CPU
		{253536F1-D32C-4DDB-AA2A-E2CEAAF5DF22}.Debug|Any CPU.Build.0 = Debug|Any CPU
		{253536F1-D32C-4DDB-AA2A-E2CEAAF5DF22}.Release|Any CPU.ActiveCfg = Release|Any CPU
		{253536F1-D32C-4DDB-AA2A-E2CEAAF5DF22}.Release|Any CPU.Build.0 = Release|Any CPU
		{BECDC884-0A54-40BC-9D1C-45F8A728F6BA}.Debug|Any CPU.ActiveCfg = Debug|Any CPU
		{BECDC884-0A54-40BC-9D1C-45F8A728F6BA}.Debug|Any CPU.Build.0 = Debug|Any CPU
		{BECDC884-0A54-40BC-9D1C-45F8A728F6BA}.Release|Any CPU.ActiveCfg = Release|Any CPU
		{BECDC884-0A54-40BC-9D1C-45F8A728F6BA}.Release|Any CPU.Build.0 = Release|Any CPU
		{5D46E3A6-AAB3-40F4-9926-3C59ADF60DBD}.Debug|Any CPU.ActiveCfg = Debug|Any CPU
		{5D46E3A6-AAB3-40F4-9926-3C59ADF60DBD}.Debug|Any CPU.Build.0 = Debug|Any CPU
		{5D46E3A6-AAB3-40F4-9926-3C59ADF60DBD}.Release|Any CPU.ActiveCfg = Release|Any CPU
		{5D46E3A6-AAB3-40F4-9926-3C59ADF60DBD}.Release|Any CPU.Build.0 = Release|Any CPU
	EndGlobalSection
	GlobalSection(SolutionProperties) = preSolution
		HideSolutionNode = FALSE
	EndGlobalSection
	GlobalSection(ExtensibilityGlobals) = postSolution
		SolutionGuid = {8CAAAA75-C809-4795-950B-C2549F45F8CC}
	EndGlobalSection
EndGlobal
