
Microsoft Visual Studio Solution File, Format Version 12.00
# Visual Studio Version 16
VisualStudioVersion = 16.0.30717.126
MinimumVisualStudioVersion = 10.0.40219.1
Project("{9A19103F-16F7-4668-BE54-9A1E7A4F7556}") = "LeTourDeSofia", "LeTourDeSofias\LeTourDeSofia.csproj", "{68A6640B-006B-4C94-B605-8AF5225D5998}"
EndProject
Project("{FAE04EC0-301F-11D3-BF4B-00C04F79EFBC}") = "ChainLightning", "ChainLightning\ChainLightning.csproj", "{F846E7E0-7ADB-455D-97BA-961C7FAB1829}"
EndProject
Project("{FAE04EC0-301F-11D3-BF4B-00C04F79EFBC}") = "RoadTrip", "RoadTrip\RoadTrip.csproj", "{F14DB8EE-3D10-42D8-9CF4-EA273CCFF85D}"
EndProject
Global
	GlobalSection(SolutionConfigurationPlatforms) = preSolution
		Debug|Any CPU = Debug|Any CPU
		Release|Any CPU = Release|Any CPU
	EndGlobalSection
	GlobalSection(ProjectConfigurationPlatforms) = postSolution
		{68A6640B-006B-4C94-B605-8AF5225D5998}.Debug|Any CPU.ActiveCfg = Debug|Any CPU
		{68A6640B-006B-4C94-B605-8AF5225D5998}.Debug|Any CPU.Build.0 = Debug|Any CPU
		{68A6640B-006B-4C94-B605-8AF5225D5998}.Release|Any CPU.ActiveCfg = Release|Any CPU
		{68A6640B-006B-4C94-B605-8AF5225D5998}.Release|Any CPU.Build.0 = Release|Any CPU
		{F846E7E0-7ADB-455D-97BA-961C7FAB1829}.Debug|Any CPU.ActiveCfg = Debug|Any CPU
		{F846E7E0-7ADB-455D-97BA-961C7FAB1829}.Debug|Any CPU.Build.0 = Debug|Any CPU
		{F846E7E0-7ADB-455D-97BA-961C7FAB1829}.Release|Any CPU.ActiveCfg = Release|Any CPU
		{F846E7E0-7ADB-455D-97BA-961C7FAB1829}.Release|Any CPU.Build.0 = Release|Any CPU
		{F14DB8EE-3D10-42D8-9CF4-EA273CCFF85D}.Debug|Any CPU.ActiveCfg = Debug|Any CPU
		{F14DB8EE-3D10-42D8-9CF4-EA273CCFF85D}.Debug|Any CPU.Build.0 = Debug|Any CPU
		{F14DB8EE-3D10-42D8-9CF4-EA273CCFF85D}.Release|Any CPU.ActiveCfg = Release|Any CPU
		{F14DB8EE-3D10-42D8-9CF4-EA273CCFF85D}.Release|Any CPU.Build.0 = Release|Any CPU
	EndGlobalSection
	GlobalSection(SolutionProperties) = preSolution
		HideSolutionNode = FALSE
	EndGlobalSection
	GlobalSection(ExtensibilityGlobals) = postSolution
		SolutionGuid = {6DD85A9B-A9CD-4F02-A4B7-3323894B00FB}
	EndGlobalSection
EndGlobal
